
Microsoft Visual Studio Solution File, Format Version 12.00
# Visual Studio 2012
Project("{FAE04EC0-301F-11D3-BF4B-00C04F79EFBC}") = "DmirProject", "DmirProject\DmirProject.csproj", "{4CC4B963-D060-4DBC-BF92-E7D60832C761}"
EndProject
Project("{FAE04EC0-301F-11D3-BF4B-00C04F79EFBC}") = "DataAccess", "DataAccess\DataAccess.csproj", "{AC77A58E-D9C5-4E22-B1FA-B6AEE5E8792E}"
EndProject
Project("{FAE04EC0-301F-11D3-BF4B-00C04F79EFBC}") = "BusinessLayer", "BusinessLayer\BusinessLayer.csproj", "{219DE174-DAD6-4D14-AAFC-F4AF10C28168}"
EndProject
Project("{2150E333-8FDC-42A3-9474-1A3956D46DE8}") = ".nuget", ".nuget", "{164BD4C6-7CA8-4B30-AC8F-A878287AC415}"
	ProjectSection(SolutionItems) = preProject
		.nuget\NuGet.Config = .nuget\NuGet.Config
		.nuget\NuGet.exe = .nuget\NuGet.exe
		.nuget\NuGet.targets = .nuget\NuGet.targets
	EndProjectSection
EndProject
Global
	GlobalSection(SolutionConfigurationPlatforms) = preSolution
		Debug|Any CPU = Debug|Any CPU
		Release|Any CPU = Release|Any CPU
	EndGlobalSection
	GlobalSection(ProjectConfigurationPlatforms) = postSolution
		{4CC4B963-D060-4DBC-BF92-E7D60832C761}.Debug|Any CPU.ActiveCfg = Debug|Any CPU
		{4CC4B963-D060-4DBC-BF92-E7D60832C761}.Debug|Any CPU.Build.0 = Debug|Any CPU
		{4CC4B963-D060-4DBC-BF92-E7D60832C761}.Release|Any CPU.ActiveCfg = Release|Any CPU
		{4CC4B963-D060-4DBC-BF92-E7D60832C761}.Release|Any CPU.Build.0 = Release|Any CPU
		{AC77A58E-D9C5-4E22-B1FA-B6AEE5E8792E}.Debug|Any CPU.ActiveCfg = Debug|Any CPU
		{AC77A58E-D9C5-4E22-B1FA-B6AEE5E8792E}.Debug|Any CPU.Build.0 = Debug|Any CPU
		{AC77A58E-D9C5-4E22-B1FA-B6AEE5E8792E}.Release|Any CPU.ActiveCfg = Release|Any CPU
		{AC77A58E-D9C5-4E22-B1FA-B6AEE5E8792E}.Release|Any CPU.Build.0 = Release|Any CPU
		{219DE174-DAD6-4D14-AAFC-F4AF10C28168}.Debug|Any CPU.ActiveCfg = Debug|Any CPU
		{219DE174-DAD6-4D14-AAFC-F4AF10C28168}.Debug|Any CPU.Build.0 = Debug|Any CPU
		{219DE174-DAD6-4D14-AAFC-F4AF10C28168}.Release|Any CPU.ActiveCfg = Release|Any CPU
		{219DE174-DAD6-4D14-AAFC-F4AF10C28168}.Release|Any CPU.Build.0 = Release|Any CPU
	EndGlobalSection
	GlobalSection(SolutionProperties) = preSolution
		HideSolutionNode = FALSE
	EndGlobalSection
EndGlobal
